{
  "version": 2,
  "dependencies": {
    "net10.0": {
      "GitVersion.MsBuild": {
        "type": "Direct",
        "requested": "[6.7.0, )",
        "resolved": "6.7.0",
        "contentHash": "0W5NHnfnogX0pfidRcJfqzfb8Yc/avBfq1qVuaHiHIjbtsjKHt9IFtt18p/ttCCeJlJe9fQliQ3pSkZQcibXlw=="
      },
      "Microsoft.Windows.SDK.CPP": {
        "type": "Direct",
        "requested": "[10.0.28000.1839, )",
        "resolved": "10.0.28000.1839",
        "contentHash": "ZWpdIQO44MmWRTWSwf2Ei6N0S3UPngmi9qBYsrxV8xk0ApiTIbcsfMbyJr2EKjmfKUVbn6ACTtxkcYmbhPxrjw=="
      },
      "Microsoft.Windows.SDK.CPP.arm64": {
        "type": "Direct",
        "requested": "[10.0.28000.1839, )",
        "resolved": "10.0.28000.1839",
        "contentHash": "kdhROBV1oDT5YMoa/ynuDo/4LfsqA5g9zfHtM14vHypKfhxsPCmYRkHfwFDokabWbn99Me1pjLzwm9NLfjB8pQ==",
        "dependencies": {
          "Microsoft.Windows.SDK.cpp": "[10.0.28000.1839]"
        }
      },
      "Microsoft.Windows.SDK.CPP.x64": {
        "type": "Direct",
        "requested": "[10.0.28000.1839, )",
        "resolved": "10.0.28000.1839",
        "contentHash": "Z7uFWJLP+MbtyyV1wqlH54h1c2DUJ8amv/5/NagXi3c32xs15f0IVhZL2ksgTUT25XoDrtnvH5UIn5nFvkw+mQ==",
        "dependencies": {
          "Microsoft.Windows.SDK.cpp": "[10.0.28000.1839]"
        }
      },
      "Microsoft.Windows.WDK.ARM64": {
        "type": "Direct",
        "requested": "[10.0.28000.1839, )",
        "resolved": "10.0.28000.1839",
        "contentHash": "Z8dvECW6yUUUveNFoODGm3ON+bqw6wMSaIVeilaLt8MX/XNIeMEBU5iEGIeT1ZGZBFC8h9/mJ1mkxwwaqZt2ug==",
        "dependencies": {
          "Microsoft.Windows.SDK.cpp.ARM64": "[10.0.28000, 10.0.28001)"
        }
      },
      "Microsoft.Windows.WDK.x64": {
        "type": "Direct",
        "requested": "[10.0.28000.1839, )",
        "resolved": "10.0.28000.1839",
        "contentHash": "KVO1m/GacwzzaOKUfcPEdoZSPTEZt3baJnTIbyO3SHD8DmSpdxJl2kneMigQx5tOrKaB+BtOKA6meXHGRSkRRA==",
        "dependencies": {
          "Microsoft.Windows.SDK.cpp.x64": "[10.0.28000, 10.0.28001)"
        }
      },
      "System.CodeDom": {
        "type": "Direct",
        "requested": "[10.0.8, )",
        "resolved": "10.0.8",
        "contentHash": "23AxxQYf5rjSmsawFw8kCVLRvvCIKMCnZWnRzBcHkzwsBra5eTv4k88BV6fEN+f3FVHO7PneZj3LOEyQnnPhTA=="
      }
    }
  }
}