{
  "version": 2,
  "dependencies": {
    "native,Version=v0.0": {
      "Microsoft.Windows.SDK.CPP": {
        "type": "Direct",
        "requested": "[10.0.28000.2270, )",
        "resolved": "10.0.28000.2270",
        "contentHash": "Ao1+SSlLsnigqrY693VjqPl0ZlpiMPDiTNYBZpPi6HEVj9IVBCGDnRrpL7XLlDyYqwQh+xXSJYko4fMga07zSQ=="
      },
      "Microsoft.Windows.SDK.CPP.arm64": {
        "type": "Direct",
        "requested": "[10.0.28000.2270, )",
        "resolved": "10.0.28000.2270",
        "contentHash": "H7T/fbfdtcllmpI+3ac8pAAR77otZ5kUF0RTkLutUS6F7QVI059bbUasM9LtX2WvoY1ENbGk+OwvcJH1zwI8yw==",
        "dependencies": {
          "Microsoft.Windows.SDK.cpp": "[10.0.28000.2270]"
        }
      },
      "Microsoft.Windows.SDK.CPP.x64": {
        "type": "Direct",
        "requested": "[10.0.28000.2270, )",
        "resolved": "10.0.28000.2270",
        "contentHash": "DY0F4D9Iy8Bch+ZQRaSPYweNpjo/PF/eyzxb9T78ACzPTVRtl7+Wh8umncMuWyyQVJTQHrnX65STqhU0v7wURQ==",
        "dependencies": {
          "Microsoft.Windows.SDK.cpp": "[10.0.28000.2270]"
        }
      },
      "Microsoft.Windows.WDK.ARM64": {
        "type": "Direct",
        "requested": "[10.0.28000.1839, )",
        "resolved": "10.0.28000.1839",
        "contentHash": "Z8dvECW6yUUUveNFoODGm3ON+bqw6wMSaIVeilaLt8MX/XNIeMEBU5iEGIeT1ZGZBFC8h9/mJ1mkxwwaqZt2ug==",
        "dependencies": {
          "Microsoft.Windows.SDK.cpp.ARM64": "[10.0.28000, 10.0.28001)"
        }
      },
      "Microsoft.Windows.WDK.x64": {
        "type": "Direct",
        "requested": "[10.0.28000.1839, )",
        "resolved": "10.0.28000.1839",
        "contentHash": "KVO1m/GacwzzaOKUfcPEdoZSPTEZt3baJnTIbyO3SHD8DmSpdxJl2kneMigQx5tOrKaB+BtOKA6meXHGRSkRRA==",
        "dependencies": {
          "Microsoft.Windows.SDK.cpp.x64": "[10.0.28000, 10.0.28001)"
        }
      }
    }
  }
}